# This file was autogenerated by Stack.
# You should not edit this file by hand.
# For more information, please see the documentation at:
#   https://docs.haskellstack.org/en/stable/lock_files

packages:
- completed:
    hackage: mtl-2.2.2@sha256:1050fb71acd9f5d67da7d992583f5bd0eb14407b9dc7acc122af1b738b706ca3,2261
    pantry-tree:
      size: 1713
      sha256: b8bdc2259e2f943a7252fb164805666fe108ac959d398e0af27b43ba2ebc241c
  original:
    hackage: mtl-2.2.2
- completed:
    hackage: text-1.2.3.1@sha256:ceb05f2a77b82bffe58c9ce8d8ad447191e4509bd28c14bf3da610bd6b82a62b,8560
    pantry-tree:
      size: 7456
      sha256: c9b38b60593401bb378b694a42b085d46f74f97d86d39edeb01a616965f2b581
  original:
    hackage: text-1.2.3.1
- completed:
    hackage: ini-0.4.1@sha256:ace68f1e022b4319e4cb575a17665bb64a271bc7118e1127f09cea7d33e06824,1229
    pantry-tree:
      size: 255
      sha256: 798e77a0639e74bfda26b0208035ce39361de474983426ab3f99004e694022e5
  original:
    hackage: ini-0.4.1
- completed:
    hackage: warp-tls-3.2.7@sha256:45c9c39f4d286a260111dc13bfc26f0451a3b371525fb3722d5e17ef76bb6635,1731
    pantry-tree:
      size: 327
      sha256: 35fe345bc480d8d4cefcd89022e44fcef5ffda4e5d688aac1e39431594c5856e
  original:
    hackage: warp-tls-3.2.7
- completed:
    hackage: wai-3.2.2.1@sha256:3f8fcbd4dec70fb549f1f9ec2b038df215a30afd74c01c1d36ecb85845115ba3,1765
    pantry-tree:
      size: 485
      sha256: de2162f984227d9d0cc27b7f0a9b30cc03ef2670028bd40fa8c55fee7b92f000
  original:
    hackage: wai-3.2.2.1
- completed:
    hackage: wai-extra-3.0.26.1@sha256:e10f7bd1cf2a298b4365fddcce466819e61badddf5678e820ce8c388567005c3,7070
    pantry-tree:
      size: 3631
      sha256: 48d5bef43131cc68ea54fe761b70d2038029372914dc976216b7546bf586a44f
  original:
    hackage: wai-extra-3.0.26.1
- completed:
    hackage: wai-routes-0.10.3@sha256:6a2ab99985ee0c0f43256a6a2e4dafe7ef8168da11e07914f3803813ab7d4d7b,3592
    pantry-tree:
      size: 1393
      sha256: 26804baff9d7e5d67cb328c9205a1d8bff13be06f8f345baf0084d134c776fb6
  original:
    hackage: wai-routes-0.10.3
snapshots:
- completed:
    size: 496635
    url: https://raw.githubusercontent.com/commercialhaskell/stackage-snapshots/master/lts/13/12.yaml
    sha256: 67b74d6acad1342ba8089b75f415c1c63897e3f32091863c921104e8d0bdcfa0
  original: lts-13.12
